
Microsoft Visual Studio Solution File, Format Version 9.00
# Visual C++ Express 2005
Project("{8BC9CEB8-8B4A-11D0-8D11-00A0C91BC942}") = "agg", "agg\agg.vcproj", "{29CF3C12-8A60-46EF-96BE-6031722224C6}"
EndProject
Project("{8BC9CEB8-8B4A-11D0-8D11-00A0C91BC942}") = "libdgl", "libdgl\libdgl.vcproj", "{20B90049-C4C8-42C3-BE16-20250B772C5A}"
EndProject
Project("{8BC9CEB8-8B4A-11D0-8D11-00A0C91BC942}") = "libft", "libft\libft.vcproj", "{3EFA19F4-B9DB-4691-8440-8D4E0F408F46}"
EndProject
Project("{8BC9CEB8-8B4A-11D0-8D11-00A0C91BC942}") = "libguiroadgps", "libguiroadgps\libguiroadgps.vcproj", "{54D450B2-A6DC-4672-8AA1-D4834C099D1F}"
EndProject
Project("{8BC9CEB8-8B4A-11D0-8D11-00A0C91BC942}") = "libguiroadmap", "libguiroadmap\libguiroadmap.vcproj", "{72889516-82BE-42D1-8AE4-2373AC0EE1B2}"
EndProject
Project("{8BC9CEB8-8B4A-11D0-8D11-00A0C91BC942}") = "libosroadmap", "libosroadmap\libosroadmap.vcproj", "{7DF60ED2-C4CF-4630-AEB6-8B6D0DB388FF}"
EndProject
Project("{8BC9CEB8-8B4A-11D0-8D11-00A0C91BC942}") = "libroadmap", "libroadmap\libroadmap.vcproj", "{87ED61EE-E9B1-4825-AAD2-DF7BF4F25C9A}"
EndProject
Project("{8BC9CEB8-8B4A-11D0-8D11-00A0C91BC942}") = "libwin32guiroadmap", "libwin32guiroadmap\libwin32guiroadmap.vcproj", "{BED55FF0-3908-427A-ACE0-F22AAEF25D20}"
EndProject
Project("{8BC9CEB8-8B4A-11D0-8D11-00A0C91BC942}") = "Roadmap", "roadmap\Roadmap.vcproj", "{8272A68A-A688-4E2B-8DD3-0C02CCD4B3A8}"
	ProjectSection(ProjectDependencies) = postProject
		{29CF3C12-8A60-46EF-96BE-6031722224C6} = {29CF3C12-8A60-46EF-96BE-6031722224C6}
		{89CE8C70-C5B9-4678-B4D5-6B0863266B66} = {89CE8C70-C5B9-4678-B4D5-6B0863266B66}
		{72889516-82BE-42D1-8AE4-2373AC0EE1B2} = {72889516-82BE-42D1-8AE4-2373AC0EE1B2}
		{20B90049-C4C8-42C3-BE16-20250B772C5A} = {20B90049-C4C8-42C3-BE16-20250B772C5A}
		{0C0A3955-9BD0-4853-A7E9-10E68937D789} = {0C0A3955-9BD0-4853-A7E9-10E68937D789}
		{7DF60ED2-C4CF-4630-AEB6-8B6D0DB388FF} = {7DF60ED2-C4CF-4630-AEB6-8B6D0DB388FF}
		{87ED61EE-E9B1-4825-AAD2-DF7BF4F25C9A} = {87ED61EE-E9B1-4825-AAD2-DF7BF4F25C9A}
		{BED55FF0-3908-427A-ACE0-F22AAEF25D20} = {BED55FF0-3908-427A-ACE0-F22AAEF25D20}
		{3EFA19F4-B9DB-4691-8440-8D4E0F408F46} = {3EFA19F4-B9DB-4691-8440-8D4E0F408F46}
		{604E7437-D9B5-40E0-9B49-A0C1EF678D8E} = {604E7437-D9B5-40E0-9B49-A0C1EF678D8E}
	EndProjectSection
EndProject
Project("{8BC9CEB8-8B4A-11D0-8D11-00A0C91BC942}") = "RoadGPS", "roadgps\RoadGPS.vcproj", "{3E5C3628-912B-4E54-8A74-BC7DE65CFA62}"
	ProjectSection(ProjectDependencies) = postProject
		{89CE8C70-C5B9-4678-B4D5-6B0863266B66} = {89CE8C70-C5B9-4678-B4D5-6B0863266B66}
		{604E7437-D9B5-40E0-9B49-A0C1EF678D8E} = {604E7437-D9B5-40E0-9B49-A0C1EF678D8E}
		{29CF3C12-8A60-46EF-96BE-6031722224C6} = {29CF3C12-8A60-46EF-96BE-6031722224C6}
		{20B90049-C4C8-42C3-BE16-20250B772C5A} = {20B90049-C4C8-42C3-BE16-20250B772C5A}
		{0C0A3955-9BD0-4853-A7E9-10E68937D789} = {0C0A3955-9BD0-4853-A7E9-10E68937D789}
		{54D450B2-A6DC-4672-8AA1-D4834C099D1F} = {54D450B2-A6DC-4672-8AA1-D4834C099D1F}
		{7DF60ED2-C4CF-4630-AEB6-8B6D0DB388FF} = {7DF60ED2-C4CF-4630-AEB6-8B6D0DB388FF}
		{87ED61EE-E9B1-4825-AAD2-DF7BF4F25C9A} = {87ED61EE-E9B1-4825-AAD2-DF7BF4F25C9A}
		{BED55FF0-3908-427A-ACE0-F22AAEF25D20} = {BED55FF0-3908-427A-ACE0-F22AAEF25D20}
		{3EFA19F4-B9DB-4691-8440-8D4E0F408F46} = {3EFA19F4-B9DB-4691-8440-8D4E0F408F46}
	EndProjectSection
EndProject
Project("{8BC9CEB8-8B4A-11D0-8D11-00A0C91BC942}") = "zlib", "zlib\zlib.vcproj", "{0C0A3955-9BD0-4853-A7E9-10E68937D789}"
EndProject
Project("{8BC9CEB8-8B4A-11D0-8D11-00A0C91BC942}") = "Freemap", "freemap\Freemap.vcproj", "{3E015FF4-39C8-4060-9C33-5DD4082B1895}"
	ProjectSection(ProjectDependencies) = postProject
		{3EFA19F4-B9DB-4691-8440-8D4E0F408F46} = {3EFA19F4-B9DB-4691-8440-8D4E0F408F46}
		{BED55FF0-3908-427A-ACE0-F22AAEF25D20} = {BED55FF0-3908-427A-ACE0-F22AAEF25D20}
		{87ED61EE-E9B1-4825-AAD2-DF7BF4F25C9A} = {87ED61EE-E9B1-4825-AAD2-DF7BF4F25C9A}
		{7DF60ED2-C4CF-4630-AEB6-8B6D0DB388FF} = {7DF60ED2-C4CF-4630-AEB6-8B6D0DB388FF}
		{89CE8C70-C5B9-4678-B4D5-6B0863266B66} = {89CE8C70-C5B9-4678-B4D5-6B0863266B66}
		{0C0A3955-9BD0-4853-A7E9-10E68937D789} = {0C0A3955-9BD0-4853-A7E9-10E68937D789}
		{20B90049-C4C8-42C3-BE16-20250B772C5A} = {20B90049-C4C8-42C3-BE16-20250B772C5A}
		{604E7437-D9B5-40E0-9B49-A0C1EF678D8E} = {604E7437-D9B5-40E0-9B49-A0C1EF678D8E}
		{72889516-82BE-42D1-8AE4-2373AC0EE1B2} = {72889516-82BE-42D1-8AE4-2373AC0EE1B2}
		{29CF3C12-8A60-46EF-96BE-6031722224C6} = {29CF3C12-8A60-46EF-96BE-6031722224C6}
	EndProjectSection
EndProject
Project("{8BC9CEB8-8B4A-11D0-8D11-00A0C91BC942}") = "libpng", "libpng\libpng.vcproj", "{89CE8C70-C5B9-4678-B4D5-6B0863266B66}"
EndProject
Project("{8BC9CEB8-8B4A-11D0-8D11-00A0C91BC942}") = "libfribidi", "libfribidi\libfribidi.vcproj", "{604E7437-D9B5-40E0-9B49-A0C1EF678D8E}"
EndProject
Global
	GlobalSection(SolutionConfigurationPlatforms) = preSolution
		Debug|Win32 = Debug|Win32
		Release|Win32 = Release|Win32
	EndGlobalSection
	GlobalSection(ProjectConfigurationPlatforms) = postSolution
		{29CF3C12-8A60-46EF-96BE-6031722224C6}.Debug|Win32.ActiveCfg = Debug|Win32
		{29CF3C12-8A60-46EF-96BE-6031722224C6}.Debug|Win32.Build.0 = Debug|Win32
		{29CF3C12-8A60-46EF-96BE-6031722224C6}.Release|Win32.ActiveCfg = Release|Win32
		{29CF3C12-8A60-46EF-96BE-6031722224C6}.Release|Win32.Build.0 = Release|Win32
		{20B90049-C4C8-42C3-BE16-20250B772C5A}.Debug|Win32.ActiveCfg = Debug|Win32
		{20B90049-C4C8-42C3-BE16-20250B772C5A}.Debug|Win32.Build.0 = Debug|Win32
		{20B90049-C4C8-42C3-BE16-20250B772C5A}.Release|Win32.ActiveCfg = Release|Win32
		{20B90049-C4C8-42C3-BE16-20250B772C5A}.Release|Win32.Build.0 = Release|Win32
		{3EFA19F4-B9DB-4691-8440-8D4E0F408F46}.Debug|Win32.ActiveCfg = Debug|Win32
		{3EFA19F4-B9DB-4691-8440-8D4E0F408F46}.Debug|Win32.Build.0 = Debug|Win32
		{3EFA19F4-B9DB-4691-8440-8D4E0F408F46}.Release|Win32.ActiveCfg = Release|Win32
		{3EFA19F4-B9DB-4691-8440-8D4E0F408F46}.Release|Win32.Build.0 = Release|Win32
		{54D450B2-A6DC-4672-8AA1-D4834C099D1F}.Debug|Win32.ActiveCfg = Debug|Win32
		{54D450B2-A6DC-4672-8AA1-D4834C099D1F}.Debug|Win32.Build.0 = Debug|Win32
		{54D450B2-A6DC-4672-8AA1-D4834C099D1F}.Release|Win32.ActiveCfg = Release|Win32
		{54D450B2-A6DC-4672-8AA1-D4834C099D1F}.Release|Win32.Build.0 = Release|Win32
		{72889516-82BE-42D1-8AE4-2373AC0EE1B2}.Debug|Win32.ActiveCfg = Debug|Win32
		{72889516-82BE-42D1-8AE4-2373AC0EE1B2}.Debug|Win32.Build.0 = Debug|Win32
		{72889516-82BE-42D1-8AE4-2373AC0EE1B2}.Release|Win32.ActiveCfg = Release|Win32
		{72889516-82BE-42D1-8AE4-2373AC0EE1B2}.Release|Win32.Build.0 = Release|Win32
		{7DF60ED2-C4CF-4630-AEB6-8B6D0DB388FF}.Debug|Win32.ActiveCfg = Debug|Win32
		{7DF60ED2-C4CF-4630-AEB6-8B6D0DB388FF}.Debug|Win32.Build.0 = Debug|Win32
		{7DF60ED2-C4CF-4630-AEB6-8B6D0DB388FF}.Release|Win32.ActiveCfg = Release|Win32
		{7DF60ED2-C4CF-4630-AEB6-8B6D0DB388FF}.Release|Win32.Build.0 = Release|Win32
		{87ED61EE-E9B1-4825-AAD2-DF7BF4F25C9A}.Debug|Win32.ActiveCfg = Debug|Win32
		{87ED61EE-E9B1-4825-AAD2-DF7BF4F25C9A}.Debug|Win32.Build.0 = Debug|Win32
		{87ED61EE-E9B1-4825-AAD2-DF7BF4F25C9A}.Release|Win32.ActiveCfg = Release|Win32
		{87ED61EE-E9B1-4825-AAD2-DF7BF4F25C9A}.Release|Win32.Build.0 = Release|Win32
		{BED55FF0-3908-427A-ACE0-F22AAEF25D20}.Debug|Win32.ActiveCfg = Debug|Win32
		{BED55FF0-3908-427A-ACE0-F22AAEF25D20}.Debug|Win32.Build.0 = Debug|Win32
		{BED55FF0-3908-427A-ACE0-F22AAEF25D20}.Release|Win32.ActiveCfg = Release|Win32
		{BED55FF0-3908-427A-ACE0-F22AAEF25D20}.Release|Win32.Build.0 = Release|Win32
		{8272A68A-A688-4E2B-8DD3-0C02CCD4B3A8}.Debug|Win32.ActiveCfg = Debug|Win32
		{8272A68A-A688-4E2B-8DD3-0C02CCD4B3A8}.Debug|Win32.Build.0 = Debug|Win32
		{8272A68A-A688-4E2B-8DD3-0C02CCD4B3A8}.Release|Win32.ActiveCfg = Release|Win32
		{8272A68A-A688-4E2B-8DD3-0C02CCD4B3A8}.Release|Win32.Build.0 = Release|Win32
		{3E5C3628-912B-4E54-8A74-BC7DE65CFA62}.Debug|Win32.ActiveCfg = Debug|Win32
		{3E5C3628-912B-4E54-8A74-BC7DE65CFA62}.Debug|Win32.Build.0 = Debug|Win32
		{3E5C3628-912B-4E54-8A74-BC7DE65CFA62}.Release|Win32.ActiveCfg = Release|Win32
		{3E5C3628-912B-4E54-8A74-BC7DE65CFA62}.Release|Win32.Build.0 = Release|Win32
		{0C0A3955-9BD0-4853-A7E9-10E68937D789}.Debug|Win32.ActiveCfg = Debug|Win32
		{0C0A3955-9BD0-4853-A7E9-10E68937D789}.Debug|Win32.Build.0 = Debug|Win32
		{0C0A3955-9BD0-4853-A7E9-10E68937D789}.Release|Win32.ActiveCfg = Release|Win32
		{0C0A3955-9BD0-4853-A7E9-10E68937D789}.Release|Win32.Build.0 = Release|Win32
		{3E015FF4-39C8-4060-9C33-5DD4082B1895}.Debug|Win32.ActiveCfg = Debug|Win32
		{3E015FF4-39C8-4060-9C33-5DD4082B1895}.Debug|Win32.Build.0 = Debug|Win32
		{3E015FF4-39C8-4060-9C33-5DD4082B1895}.Release|Win32.ActiveCfg = Release|Win32
		{3E015FF4-39C8-4060-9C33-5DD4082B1895}.Release|Win32.Build.0 = Release|Win32
		{89CE8C70-C5B9-4678-B4D5-6B0863266B66}.Debug|Win32.ActiveCfg = Debug|Win32
		{89CE8C70-C5B9-4678-B4D5-6B0863266B66}.Debug|Win32.Build.0 = Debug|Win32
		{89CE8C70-C5B9-4678-B4D5-6B0863266B66}.Release|Win32.ActiveCfg = Release|Win32
		{89CE8C70-C5B9-4678-B4D5-6B0863266B66}.Release|Win32.Build.0 = Release|Win32
		{604E7437-D9B5-40E0-9B49-A0C1EF678D8E}.Debug|Win32.ActiveCfg = Debug|Win32
		{604E7437-D9B5-40E0-9B49-A0C1EF678D8E}.Debug|Win32.Build.0 = Debug|Win32
		{604E7437-D9B5-40E0-9B49-A0C1EF678D8E}.Release|Win32.ActiveCfg = Release|Win32
		{604E7437-D9B5-40E0-9B49-A0C1EF678D8E}.Release|Win32.Build.0 = Release|Win32
	EndGlobalSection
	GlobalSection(SolutionProperties) = preSolution
		HideSolutionNode = FALSE
	EndGlobalSection
EndGlobal
